
Microsoft Visual Studio Solution File, Format Version 12.00
# Visual Studio Version 17
VisualStudioVersion = 17.4.33205.214
MinimumVisualStudioVersion = 10.0.40219.1
Project("{FAE04EC0-301F-11D3-BF4B-00C04F79EFBC}") = "BigSchool2", "BigSchool2\BigSchool2.csproj", "{A03462A1-3A85-4488-9218-2AE10BFC8EFC}"
EndProject
Global
	GlobalSection(SolutionConfigurationPlatforms) = preSolution
		Debug|Any CPU = Debug|Any CPU
		Release|Any CPU = Release|Any CPU
	EndGlobalSection
	GlobalSection(ProjectConfigurationPlatforms) = postSolution
		{A03462A1-3A85-4488-9218-2AE10BFC8EFC}.Debug|Any CPU.ActiveCfg = Debug|Any CPU
		{A03462A1-3A85-4488-9218-2AE10BFC8EFC}.Debug|Any CPU.Build.0 = Debug|Any CPU
		{A03462A1-3A85-4488-9218-2AE10BFC8EFC}.Release|Any CPU.ActiveCfg = Release|Any CPU
		{A03462A1-3A85-4488-9218-2AE10BFC8EFC}.Release|Any CPU.Build.0 = Release|Any CPU
	EndGlobalSection
	GlobalSection(SolutionProperties) = preSolution
		HideSolutionNode = FALSE
	EndGlobalSection
	GlobalSection(ExtensibilityGlobals) = postSolution
		SolutionGuid = {17083F6E-8B2F-4E98-B776-21D451C62130}
	EndGlobalSection
EndGlobal
